
Microsoft Visual Studio Solution File, Format Version 12.00
# Visual Studio Version 17
VisualStudioVersion = 17.10.35013.160
MinimumVisualStudioVersion = 10.0.40219.1
Project("{FAE04EC0-301F-11D3-BF4B-00C04F79EFBC}") = "TictTacToe", "TictTacToe.csproj", "{051CF896-F9CE-4117-BDF4-0FE01F7CEE0B}"
EndProject
Global
	GlobalSection(SolutionConfigurationPlatforms) = preSolution
		Debug|Any CPU = Debug|Any CPU
		Release|Any CPU = Release|Any CPU
	EndGlobalSection
	GlobalSection(ProjectConfigurationPlatforms) = postSolution
		{051CF896-F9CE-4117-BDF4-0FE01F7CEE0B}.Debug|Any CPU.ActiveCfg = Debug|Any CPU
		{051CF896-F9CE-4117-BDF4-0FE01F7CEE0B}.Debug|Any CPU.Build.0 = Debug|Any CPU
		{051CF896-F9CE-4117-BDF4-0FE01F7CEE0B}.Release|Any CPU.ActiveCfg = Release|Any CPU
		{051CF896-F9CE-4117-BDF4-0FE01F7CEE0B}.Release|Any CPU.Build.0 = Release|Any CPU
	EndGlobalSection
	GlobalSection(SolutionProperties) = preSolution
		HideSolutionNode = FALSE
	EndGlobalSection
	GlobalSection(ExtensibilityGlobals) = postSolution
		SolutionGuid = {3E68ACE3-E8F9-4947-865A-E233881F370F}
	EndGlobalSection
EndGlobal
