
Microsoft Visual Studio Solution File, Format Version 12.00
# Visual Studio Version 17
VisualStudioVersion = 17.10.35013.160
MinimumVisualStudioVersion = 10.0.40219.1
Project("{FAE04EC0-301F-11D3-BF4B-00C04F79EFBC}") = "PersonStudentProff", "PersonStudentProff.csproj", "{FA56589C-F22B-4F19-8190-3E0F64910CCA}"
EndProject
Global
	GlobalSection(SolutionConfigurationPlatforms) = preSolution
		Debug|Any CPU = Debug|Any CPU
		Release|Any CPU = Release|Any CPU
	EndGlobalSection
	GlobalSection(ProjectConfigurationPlatforms) = postSolution
		{FA56589C-F22B-4F19-8190-3E0F64910CCA}.Debug|Any CPU.ActiveCfg = Debug|Any CPU
		{FA56589C-F22B-4F19-8190-3E0F64910CCA}.Debug|Any CPU.Build.0 = Debug|Any CPU
		{FA56589C-F22B-4F19-8190-3E0F64910CCA}.Release|Any CPU.ActiveCfg = Release|Any CPU
		{FA56589C-F22B-4F19-8190-3E0F64910CCA}.Release|Any CPU.Build.0 = Release|Any CPU
	EndGlobalSection
	GlobalSection(SolutionProperties) = preSolution
		HideSolutionNode = FALSE
	EndGlobalSection
	GlobalSection(ExtensibilityGlobals) = postSolution
		SolutionGuid = {37E8AF11-8409-47BC-8BAF-157FE932C3A0}
	EndGlobalSection
EndGlobal
