
Microsoft Visual Studio Solution File, Format Version 12.00
# Visual Studio Version 17
VisualStudioVersion = 17.10.35013.160
MinimumVisualStudioVersion = 10.0.40219.1
Project("{9A19103F-16F7-4668-BE54-9A1E7A4F7556}") = "MiniProj2InventoryManagementSys", "MiniProj2InventoryManagementSys.csproj", "{BC06D4D7-D563-45AE-A4FF-9D6D8F20209B}"
EndProject
Global
	GlobalSection(SolutionConfigurationPlatforms) = preSolution
		Debug|Any CPU = Debug|Any CPU
		Release|Any CPU = Release|Any CPU
	EndGlobalSection
	GlobalSection(ProjectConfigurationPlatforms) = postSolution
		{BC06D4D7-D563-45AE-A4FF-9D6D8F20209B}.Debug|Any CPU.ActiveCfg = Debug|Any CPU
		{BC06D4D7-D563-45AE-A4FF-9D6D8F20209B}.Debug|Any CPU.Build.0 = Debug|Any CPU
		{BC06D4D7-D563-45AE-A4FF-9D6D8F20209B}.Release|Any CPU.ActiveCfg = Release|Any CPU
		{BC06D4D7-D563-45AE-A4FF-9D6D8F20209B}.Release|Any CPU.Build.0 = Release|Any CPU
	EndGlobalSection
	GlobalSection(SolutionProperties) = preSolution
		HideSolutionNode = FALSE
	EndGlobalSection
	GlobalSection(ExtensibilityGlobals) = postSolution
		SolutionGuid = {11EB6A85-249F-4027-BFE1-F7C3CC571485}
	EndGlobalSection
EndGlobal
