
Microsoft Visual Studio Solution File, Format Version 12.00
# Visual Studio Version 17
VisualStudioVersion = 17.10.35013.160
MinimumVisualStudioVersion = 10.0.40219.1
Project("{FAE04EC0-301F-11D3-BF4B-00C04F79EFBC}") = "MiniProject1", "MiniProject1.csproj", "{BB6B6AE4-7D67-4401-80B9-01790F661719}"
EndProject
Global
	GlobalSection(SolutionConfigurationPlatforms) = preSolution
		Debug|Any CPU = Debug|Any CPU
		Release|Any CPU = Release|Any CPU
	EndGlobalSection
	GlobalSection(ProjectConfigurationPlatforms) = postSolution
		{BB6B6AE4-7D67-4401-80B9-01790F661719}.Debug|Any CPU.ActiveCfg = Debug|Any CPU
		{BB6B6AE4-7D67-4401-80B9-01790F661719}.Debug|Any CPU.Build.0 = Debug|Any CPU
		{BB6B6AE4-7D67-4401-80B9-01790F661719}.Release|Any CPU.ActiveCfg = Release|Any CPU
		{BB6B6AE4-7D67-4401-80B9-01790F661719}.Release|Any CPU.Build.0 = Release|Any CPU
	EndGlobalSection
	GlobalSection(SolutionProperties) = preSolution
		HideSolutionNode = FALSE
	EndGlobalSection
	GlobalSection(ExtensibilityGlobals) = postSolution
		SolutionGuid = {B64D78BA-3F6E-425D-B961-AA6B91117A62}
	EndGlobalSection
EndGlobal
