
Microsoft Visual Studio Solution File, Format Version 12.00
# Visual Studio Version 17
VisualStudioVersion = 17.10.35013.160
MinimumVisualStudioVersion = 10.0.40219.1
Project("{FAE04EC0-301F-11D3-BF4B-00C04F79EFBC}") = "FileHandelling", "FileHandelling.csproj", "{ADB785D4-22A1-48F8-A9DD-5D3E584FC168}"
EndProject
Project("{FAE04EC0-301F-11D3-BF4B-00C04F79EFBC}") = "FileHandellingHtml", "..\FileHandellingHtml\FileHandellingHtml.csproj", "{F4D71324-7EB2-4D5C-95C1-72287AC11180}"
EndProject
Global
	GlobalSection(SolutionConfigurationPlatforms) = preSolution
		Debug|Any CPU = Debug|Any CPU
		Release|Any CPU = Release|Any CPU
	EndGlobalSection
	GlobalSection(ProjectConfigurationPlatforms) = postSolution
		{ADB785D4-22A1-48F8-A9DD-5D3E584FC168}.Debug|Any CPU.ActiveCfg = Debug|Any CPU
		{ADB785D4-22A1-48F8-A9DD-5D3E584FC168}.Debug|Any CPU.Build.0 = Debug|Any CPU
		{ADB785D4-22A1-48F8-A9DD-5D3E584FC168}.Release|Any CPU.ActiveCfg = Release|Any CPU
		{ADB785D4-22A1-48F8-A9DD-5D3E584FC168}.Release|Any CPU.Build.0 = Release|Any CPU
		{F4D71324-7EB2-4D5C-95C1-72287AC11180}.Debug|Any CPU.ActiveCfg = Debug|Any CPU
		{F4D71324-7EB2-4D5C-95C1-72287AC11180}.Debug|Any CPU.Build.0 = Debug|Any CPU
		{F4D71324-7EB2-4D5C-95C1-72287AC11180}.Release|Any CPU.ActiveCfg = Release|Any CPU
		{F4D71324-7EB2-4D5C-95C1-72287AC11180}.Release|Any CPU.Build.0 = Release|Any CPU
	EndGlobalSection
	GlobalSection(SolutionProperties) = preSolution
		HideSolutionNode = FALSE
	EndGlobalSection
	GlobalSection(ExtensibilityGlobals) = postSolution
		SolutionGuid = {6F7D01DA-38AC-419A-8FEE-035D901CBC8E}
	EndGlobalSection
EndGlobal
