
Microsoft Visual Studio Solution File, Format Version 12.00
# Visual Studio Version 17
VisualStudioVersion = 17.10.35013.160
MinimumVisualStudioVersion = 10.0.40219.1
Project("{FAE04EC0-301F-11D3-BF4B-00C04F79EFBC}") = "DogDoorDemo", "DogDoorDemo.csproj", "{343C0EAA-3688-404B-B97B-14C68A3BEB9C}"
EndProject
Global
	GlobalSection(SolutionConfigurationPlatforms) = preSolution
		Debug|Any CPU = Debug|Any CPU
		Release|Any CPU = Release|Any CPU
	EndGlobalSection
	GlobalSection(ProjectConfigurationPlatforms) = postSolution
		{343C0EAA-3688-404B-B97B-14C68A3BEB9C}.Debug|Any CPU.ActiveCfg = Debug|Any CPU
		{343C0EAA-3688-404B-B97B-14C68A3BEB9C}.Debug|Any CPU.Build.0 = Debug|Any CPU
		{343C0EAA-3688-404B-B97B-14C68A3BEB9C}.Release|Any CPU.ActiveCfg = Release|Any CPU
		{343C0EAA-3688-404B-B97B-14C68A3BEB9C}.Release|Any CPU.Build.0 = Release|Any CPU
	EndGlobalSection
	GlobalSection(SolutionProperties) = preSolution
		HideSolutionNode = FALSE
	EndGlobalSection
	GlobalSection(ExtensibilityGlobals) = postSolution
		SolutionGuid = {74A065B0-98E0-4F27-937C-CE506B8E4421}
	EndGlobalSection
EndGlobal
