
Microsoft Visual Studio Solution File, Format Version 12.00
# Visual Studio Version 17
VisualStudioVersion = 17.10.35013.160
MinimumVisualStudioVersion = 10.0.40219.1
Project("{FAE04EC0-301F-11D3-BF4B-00C04F79EFBC}") = "GuitarOOAD", "GuitarOOAD.csproj", "{420F5234-F799-4433-9BE3-38F2819943C2}"
EndProject
Global
	GlobalSection(SolutionConfigurationPlatforms) = preSolution
		Debug|Any CPU = Debug|Any CPU
		Release|Any CPU = Release|Any CPU
	EndGlobalSection
	GlobalSection(ProjectConfigurationPlatforms) = postSolution
		{420F5234-F799-4433-9BE3-38F2819943C2}.Debug|Any CPU.ActiveCfg = Debug|Any CPU
		{420F5234-F799-4433-9BE3-38F2819943C2}.Debug|Any CPU.Build.0 = Debug|Any CPU
		{420F5234-F799-4433-9BE3-38F2819943C2}.Release|Any CPU.ActiveCfg = Release|Any CPU
		{420F5234-F799-4433-9BE3-38F2819943C2}.Release|Any CPU.Build.0 = Release|Any CPU
	EndGlobalSection
	GlobalSection(SolutionProperties) = preSolution
		HideSolutionNode = FALSE
	EndGlobalSection
	GlobalSection(ExtensibilityGlobals) = postSolution
		SolutionGuid = {92E88D9F-E9EC-4CDE-B255-DFC211E12B32}
	EndGlobalSection
EndGlobal
